{
  "name": "js",
  "lockfileVersion": 3,
  "requires": true,
  "packages": {
    "": {
      "dependencies": {
        "crc32": "^0.2.2",
        "minimist": "^1.2.8",
        "steam-binary-vdf": "^0.1.0"
      }
    },
    "node_modules/@types/buffer-reader": {
      "version": "0.1.3",
      "resolved": "https://registry.npmjs.org/@types/buffer-reader/-/buffer-reader-0.1.3.tgz",
      "integrity": "sha512-7SqOVDbwQtpHU7R+GBWgKLLcspRyPfUb7AEjMjWtsgUxSsVW5J5m4K5JAWtFOYm48cZBUWHxOCdcwGe3PImKdQ==",
      "dependencies": {
        "@types/node": "*"
      }
    },
    "node_modules/@types/node": {
      "version": "20.10.1",
      "resolved": "https://registry.npmjs.org/@types/node/-/node-20.10.1.tgz",
      "integrity": "sha512-T2qwhjWwGH81vUEx4EXmBKsTJRXFXNZTL4v0gi01+zyBmCwzE6TyHszqX01m+QHTEq+EZNo13NeJIdEqf+Myrg==",
      "dependencies": {
        "undici-types": "~5.26.4"
      }
    },
    "node_modules/@types/node-int64": {
      "version": "0.4.32",
      "resolved": "https://registry.npmjs.org/@types/node-int64/-/node-int64-0.4.32.tgz",
      "integrity": "sha512-xf/JsSlnXQ+mzvc0IpXemcrO4BrCfpgNpMco+GLcXkFk01k/gW9lGJu+Vof0ZSvHK6DsHJDPSbjFPs36QkWXqw==",
      "dependencies": {
        "@types/node": "*"
      }
    },
    "node_modules/buffer-reader": {
      "version": "0.1.0",
      "resolved": "https://registry.npmjs.org/buffer-reader/-/buffer-reader-0.1.0.tgz",
      "integrity": "sha512-VAE5FgftPK4/JPMvevgJ7uef1p91reKM7BpHwpO0Ci0494VqPcsSh1BLgF5YHAQ72w0ZZBcQht4+5W/+NKOpTA=="
    },
    "node_modules/crc32": {
      "version": "0.2.2",
      "resolved": "https://registry.npmjs.org/crc32/-/crc32-0.2.2.tgz",
      "integrity": "sha512-PFZEGbDUeoNbL2GHIEpJRQGheXReDody/9axKTxhXtQqIL443wnNigtVZO9iuCIMPApKZRv7k2xr8euXHqNxQQ==",
      "bin": {
        "crc32": "bin/runner.js"
      },
      "engines": {
        "node": ">= 0.4.0"
      }
    },
    "node_modules/hex2dec": {
      "version": "1.1.2",
      "resolved": "https://registry.npmjs.org/hex2dec/-/hex2dec-1.1.2.tgz",
      "integrity": "sha512-Yu+q/XWr2fFQ11tHxPq4p4EiNkb2y+lAacJNhAdRXVfRIcDH6gi7htWFnnlIzvqHMHoWeIsfXlNAjZInpAOJDA=="
    },
    "node_modules/minimist": {
      "version": "1.2.8",
      "resolved": "https://registry.npmjs.org/minimist/-/minimist-1.2.8.tgz",
      "integrity": "sha512-2yyAR8qBkN3YuheJanUpWC5U3bb5osDywNB8RzDVlDwDHbocAJveqqj1u8+SVD7jkWT4yvsHCpWqqWqAxb0zCA==",
      "funding": {
        "url": "https://github.com/sponsors/ljharb"
      }
    },
    "node_modules/node-int64": {
      "version": "0.4.0",
      "resolved": "https://registry.npmjs.org/node-int64/-/node-int64-0.4.0.tgz",
      "integrity": "sha512-O5lz91xSOeoXP6DulyHfllpq+Eg00MWitZIbtPfoSEvqIHdl5gfcY6hYzDWnj0qD5tz52PI08u9qUvSVeUBeHw=="
    },
    "node_modules/polycrc": {
      "version": "0.1.0",
      "resolved": "https://registry.npmjs.org/polycrc/-/polycrc-0.1.0.tgz",
      "integrity": "sha512-pBjdz8Gj0ixRkR80acjWl6bxiHf23MTI6chIKbQqphF2SrXXtYSPlftCSL31bD3veSWJCaTsM1QhT6zlIebqlg=="
    },
    "node_modules/steam-binary-vdf": {
      "version": "0.1.0",
      "resolved": "https://registry.npmjs.org/steam-binary-vdf/-/steam-binary-vdf-0.1.0.tgz",
      "integrity": "sha512-oFdrlgG3gKHDURVwdE3TVmquClZkLCx+wBeem4ml66pECFgFu9VqPJP0EpaiZFRqA9yFEOCkkyNCkKpCxSWuOA==",
      "dependencies": {
        "@types/buffer-reader": "^0.1.0",
        "@types/node-int64": "^0.4.29",
        "buffer-reader": "^0.1.0",
        "hex2dec": "^1.1.2",
        "node-int64": "^0.4.0",
        "polycrc": "^0.1.0"
      }
    },
    "node_modules/undici-types": {
      "version": "5.26.5",
      "resolved": "https://registry.npmjs.org/undici-types/-/undici-types-5.26.5.tgz",
      "integrity": "sha512-JlCMO+ehdEIKqlFxk6IfVoAUVmgz7cU7zD/h9XZ0qzeosSHmUJVOzSQvvYSYWXkFXC+IfLKSIffhv0sVZup6pA=="
    }
  }
}
